
Microsoft Visual Studio Solution File, Format Version 12.00
# Visual Studio Version 16
VisualStudioVersion = 16.0.30523.141
MinimumVisualStudioVersion = 10.0.40219.1
Project("{FAE04EC0-301F-11D3-BF4B-00C04F79EFBC}") = "ShopBridge", "ShopBridge\ShopBridge.csproj", "{79D87EDC-A0F0-4C1A-8378-CBDD27C08E43}"
EndProject
Global
	GlobalSection(SolutionConfigurationPlatforms) = preSolution
		Debug|Any CPU = Debug|Any CPU
		Release|Any CPU = Release|Any CPU
	EndGlobalSection
	GlobalSection(ProjectConfigurationPlatforms) = postSolution
		{79D87EDC-A0F0-4C1A-8378-CBDD27C08E43}.Debug|Any CPU.ActiveCfg = Debug|Any CPU
		{79D87EDC-A0F0-4C1A-8378-CBDD27C08E43}.Debug|Any CPU.Build.0 = Debug|Any CPU
		{79D87EDC-A0F0-4C1A-8378-CBDD27C08E43}.Release|Any CPU.ActiveCfg = Release|Any CPU
		{79D87EDC-A0F0-4C1A-8378-CBDD27C08E43}.Release|Any CPU.Build.0 = Release|Any CPU
	EndGlobalSection
	GlobalSection(SolutionProperties) = preSolution
		HideSolutionNode = FALSE
	EndGlobalSection
	GlobalSection(ExtensibilityGlobals) = postSolution
		SolutionGuid = {6CCD1570-4814-4994-BF1E-C3D9A0735CD5}
	EndGlobalSection
EndGlobal
